// !$*UTF8*$!
{
	archiveVersion = 1;
	classes = {
	};
	objectVersion = 77;
	objects = {

/* Begin PBXBuildFile section */
		CB2880932D469C790045BE3B /* FilmBO.swift in Sources */ = {isa = PBXBuildFile; fileRef = CB2880922D469C790045BE3B /* FilmBO.swift */; };
		CB2880972D469CA20045BE3B /* FilmsMapper.swift in Sources */ = {isa = PBXBuildFile; fileRef = CB2880962D469CA20045BE3B /* FilmsMapper.swift */; };
		CBD760F52D453B4A00EDC4DF /* RxBlocking in Frameworks */ = {isa = PBXBuildFile; productRef = CBD760F42D453B4A00EDC4DF /* RxBlocking */; };
		CBD760F92D453B4A00EDC4DF /* RxCocoa in Frameworks */ = {isa = PBXBuildFile; productRef = CBD760F82D453B4A00EDC4DF /* RxCocoa */; };
		CBD760FD2D453B4A00EDC4DF /* RxRelay in Frameworks */ = {isa = PBXBuildFile; productRef = CBD760FC2D453B4A00EDC4DF /* RxRelay */; };
		CBD761082D453C4300EDC4DF /* SnapKit in Frameworks */ = {isa = PBXBuildFile; productRef = CBD761072D453C4300EDC4DF /* SnapKit */; };
		CBD7613A2D45407B00EDC4DF /* Assets.xcassets in Resources */ = {isa = PBXBuildFile; fileRef = CBD761292D45407B00EDC4DF /* Assets.xcassets */; };
		CBD7613C2D45407B00EDC4DF /* LaunchScreen.storyboard in Resources */ = {isa = PBXBuildFile; fileRef = CBD761312D45407B00EDC4DF /* LaunchScreen.storyboard */; };
		CBD7613E2D45407B00EDC4DF /* AppCoordinator.swift in Sources */ = {isa = PBXBuildFile; fileRef = CBD761222D45407B00EDC4DF /* AppCoordinator.swift */; };
		CBD7613F2D45407B00EDC4DF /* FilmDTO.swift in Sources */ = {isa = PBXBuildFile; fileRef = CBD761242D45407B00EDC4DF /* FilmDTO.swift */; };
		CBD761402D45407B00EDC4DF /* FilmsService.swift in Sources */ = {isa = PBXBuildFile; fileRef = CBD761262D45407B00EDC4DF /* FilmsService.swift */; };
		CBD761412D45407B00EDC4DF /* AppDelegate.swift in Sources */ = {isa = PBXBuildFile; fileRef = CBD761282D45407B00EDC4DF /* AppDelegate.swift */; };
		CBD761422D45407B00EDC4DF /* FavoritesViewController.swift in Sources */ = {isa = PBXBuildFile; fileRef = CBD7612A2D45407B00EDC4DF /* FavoritesViewController.swift */; };
		CBD761442D45407B00EDC4DF /* FilmsViewController.swift in Sources */ = {isa = PBXBuildFile; fileRef = CBD7612D2D45407B00EDC4DF /* FilmsViewController.swift */; };
		CBD761452D45407B00EDC4DF /* FilmsViewModel.swift in Sources */ = {isa = PBXBuildFile; fileRef = CBD7612E2D45407B00EDC4DF /* FilmsViewModel.swift */; };
		CBD761462D45407B00EDC4DF /* FilmsTableViewCell.swift in Sources */ = {isa = PBXBuildFile; fileRef = CBD7612F2D45407B00EDC4DF /* FilmsTableViewCell.swift */; };
		CBD761472D45407B00EDC4DF /* TabBarController.swift in Sources */ = {isa = PBXBuildFile; fileRef = CBD761342D45407B00EDC4DF /* TabBarController.swift */; };
		CBD761482D45407B00EDC4DF /* SceneDelegate.swift in Sources */ = {isa = PBXBuildFile; fileRef = CBD761352D45407B00EDC4DF /* SceneDelegate.swift */; };
		CBD761492D45407B00EDC4DF /* SplashViewController.swift in Sources */ = {isa = PBXBuildFile; fileRef = CBD761362D45407B00EDC4DF /* SplashViewController.swift */; };
		CBD7614A2D45407B00EDC4DF /* SplashViewModel.swift in Sources */ = {isa = PBXBuildFile; fileRef = CBD761372D45407B00EDC4DF /* SplashViewModel.swift */; };
		CBD761562D45426000EDC4DF /* AppImage.swift in Sources */ = {isa = PBXBuildFile; fileRef = CBD761552D45425C00EDC4DF /* AppImage.swift */; };
		CBD761582D45426500EDC4DF /* AppColor.swift in Sources */ = {isa = PBXBuildFile; fileRef = CBD761572D45426200EDC4DF /* AppColor.swift */; };
		CBD7615F2D467F1000EDC4DF /* Date+Extensions.swift in Sources */ = {isa = PBXBuildFile; fileRef = CBD7615E2D467F0B00EDC4DF /* Date+Extensions.swift */; };
		CBD761622D467F7600EDC4DF /* DateFormates.swift in Sources */ = {isa = PBXBuildFile; fileRef = CBD761612D467F7400EDC4DF /* DateFormates.swift */; };
		F42706982D76E82700D0DBC2 /* SplashCoordinator.swift in Sources */ = {isa = PBXBuildFile; fileRef = F42706972D76E82600D0DBC2 /* SplashCoordinator.swift */; };
		F427069C2D76EC9500D0DBC2 /* BaseCoordinator.swift in Sources */ = {isa = PBXBuildFile; fileRef = F427069B2D76EC8C00D0DBC2 /* BaseCoordinator.swift */; };
		F42706A62D77122400D0DBC2 /* TabBarCoordinator.swift in Sources */ = {isa = PBXBuildFile; fileRef = F42706A52D77122300D0DBC2 /* TabBarCoordinator.swift */; };
		F42706A82D7738C300D0DBC2 /* FilmsCoordinator.swift in Sources */ = {isa = PBXBuildFile; fileRef = F42706A72D7738B700D0DBC2 /* FilmsCoordinator.swift */; };
		F42706AA2D7738CD00D0DBC2 /* FavoritesCoordinator.swift in Sources */ = {isa = PBXBuildFile; fileRef = F42706A92D7738C700D0DBC2 /* FavoritesCoordinator.swift */; };
		F42706B12D78281600D0DBC2 /* FavoritesViewModel.swift in Sources */ = {isa = PBXBuildFile; fileRef = F42706B02D78281600D0DBC2 /* FavoritesViewModel.swift */; };
		F42706B32D784C8A00D0DBC2 /* AnimatableSection.swift in Sources */ = {isa = PBXBuildFile; fileRef = F42706B22D784C8900D0DBC2 /* AnimatableSection.swift */; };
		F42706B92D78647300D0DBC2 /* Differentiator in Frameworks */ = {isa = PBXBuildFile; productRef = F42706B82D78647300D0DBC2 /* Differentiator */; };
		F42706BB2D78647300D0DBC2 /* RxDataSources in Frameworks */ = {isa = PBXBuildFile; productRef = F42706BA2D78647300D0DBC2 /* RxDataSources */; };
		F42706BD2D78651200D0DBC2 /* FilmSectionModel.swift in Sources */ = {isa = PBXBuildFile; fileRef = F42706BC2D78650D00D0DBC2 /* FilmSectionModel.swift */; };
/* End PBXBuildFile section */

/* Begin PBXCopyFilesBuildPhase section */
		CBD761142D453E0B00EDC4DF /* Embed Frameworks */ = {
			isa = PBXCopyFilesBuildPhase;
			buildActionMask = 2147483647;
			dstPath = "";
			dstSubfolderSpec = 10;
			files = (
			);
			name = "Embed Frameworks";
			runOnlyForDeploymentPostprocessing = 0;
		};
/* End PBXCopyFilesBuildPhase section */

/* Begin PBXFileReference section */
		CB2880922D469C790045BE3B /* FilmBO.swift */ = {isa = PBXFileReference; lastKnownFileType = sourcecode.swift; path = FilmBO.swift; sourceTree = "<group>"; };
		CB2880962D469CA20045BE3B /* FilmsMapper.swift */ = {isa = PBXFileReference; lastKnownFileType = sourcecode.swift; path = FilmsMapper.swift; sourceTree = "<group>"; };
		CBD760D52D45382700EDC4DF /* UniverseGroupTestApp.app */ = {isa = PBXFileReference; explicitFileType = wrapper.application; includeInIndex = 0; path = UniverseGroupTestApp.app; sourceTree = BUILT_PRODUCTS_DIR; };
		CBD761222D45407B00EDC4DF /* AppCoordinator.swift */ = {isa = PBXFileReference; lastKnownFileType = sourcecode.swift; path = AppCoordinator.swift; sourceTree = "<group>"; };
		CBD761242D45407B00EDC4DF /* FilmDTO.swift */ = {isa = PBXFileReference; lastKnownFileType = sourcecode.swift; path = FilmDTO.swift; sourceTree = "<group>"; };
		CBD761262D45407B00EDC4DF /* FilmsService.swift */ = {isa = PBXFileReference; lastKnownFileType = sourcecode.swift; path = FilmsService.swift; sourceTree = "<group>"; };
		CBD761282D45407B00EDC4DF /* AppDelegate.swift */ = {isa = PBXFileReference; lastKnownFileType = sourcecode.swift; path = AppDelegate.swift; sourceTree = "<group>"; };
		CBD761292D45407B00EDC4DF /* Assets.xcassets */ = {isa = PBXFileReference; lastKnownFileType = folder.assetcatalog; path = Assets.xcassets; sourceTree = "<group>"; };
		CBD7612A2D45407B00EDC4DF /* FavoritesViewController.swift */ = {isa = PBXFileReference; lastKnownFileType = sourcecode.swift; path = FavoritesViewController.swift; sourceTree = "<group>"; };
		CBD7612B2D45407B00EDC4DF /* FavoritesViewModel.swift */ = {isa = PBXFileReference; lastKnownFileType = sourcecode.swift; path = FavoritesViewModel.swift; sourceTree = "<group>"; };
		CBD7612C2D45407B00EDC4DF /* Info.plist */ = {isa = PBXFileReference; lastKnownFileType = text.plist.xml; path = Info.plist; sourceTree = "<group>"; };
		CBD7612D2D45407B00EDC4DF /* FilmsViewController.swift */ = {isa = PBXFileReference; lastKnownFileType = sourcecode.swift; path = FilmsViewController.swift; sourceTree = "<group>"; };
		CBD7612E2D45407B00EDC4DF /* FilmsViewModel.swift */ = {isa = PBXFileReference; lastKnownFileType = sourcecode.swift; path = FilmsViewModel.swift; sourceTree = "<group>"; };
		CBD7612F2D45407B00EDC4DF /* FilmsTableViewCell.swift */ = {isa = PBXFileReference; lastKnownFileType = sourcecode.swift; path = FilmsTableViewCell.swift; sourceTree = "<group>"; };
		CBD761302D45407B00EDC4DF /* Base */ = {isa = PBXFileReference; lastKnownFileType = file.storyboard; name = Base; path = Base.lproj/LaunchScreen.storyboard; sourceTree = "<group>"; };
		CBD761342D45407B00EDC4DF /* TabBarController.swift */ = {isa = PBXFileReference; lastKnownFileType = sourcecode.swift; path = TabBarController.swift; sourceTree = "<group>"; };
		CBD761352D45407B00EDC4DF /* SceneDelegate.swift */ = {isa = PBXFileReference; lastKnownFileType = sourcecode.swift; path = SceneDelegate.swift; sourceTree = "<group>"; };
		CBD761362D45407B00EDC4DF /* SplashViewController.swift */ = {isa = PBXFileReference; lastKnownFileType = sourcecode.swift; path = SplashViewController.swift; sourceTree = "<group>"; };
		CBD761372D45407B00EDC4DF /* SplashViewModel.swift */ = {isa = PBXFileReference; lastKnownFileType = sourcecode.swift; path = SplashViewModel.swift; sourceTree = "<group>"; };
		CBD761552D45425C00EDC4DF /* AppImage.swift */ = {isa = PBXFileReference; lastKnownFileType = sourcecode.swift; path = AppImage.swift; sourceTree = "<group>"; };
		CBD761572D45426200EDC4DF /* AppColor.swift */ = {isa = PBXFileReference; lastKnownFileType = sourcecode.swift; path = AppColor.swift; sourceTree = "<group>"; };
		CBD7615E2D467F0B00EDC4DF /* Date+Extensions.swift */ = {isa = PBXFileReference; lastKnownFileType = sourcecode.swift; path = "Date+Extensions.swift"; sourceTree = "<group>"; };
		CBD761612D467F7400EDC4DF /* DateFormates.swift */ = {isa = PBXFileReference; lastKnownFileType = sourcecode.swift; path = DateFormates.swift; sourceTree = "<group>"; };
		F42706972D76E82600D0DBC2 /* SplashCoordinator.swift */ = {isa = PBXFileReference; lastKnownFileType = sourcecode.swift; path = SplashCoordinator.swift; sourceTree = "<group>"; };
		F427069B2D76EC8C00D0DBC2 /* BaseCoordinator.swift */ = {isa = PBXFileReference; lastKnownFileType = sourcecode.swift; path = BaseCoordinator.swift; sourceTree = "<group>"; };
		F42706A52D77122300D0DBC2 /* TabBarCoordinator.swift */ = {isa = PBXFileReference; lastKnownFileType = sourcecode.swift; path = TabBarCoordinator.swift; sourceTree = "<group>"; };
		F42706A72D7738B700D0DBC2 /* FilmsCoordinator.swift */ = {isa = PBXFileReference; lastKnownFileType = sourcecode.swift; path = FilmsCoordinator.swift; sourceTree = "<group>"; };
		F42706A92D7738C700D0DBC2 /* FavoritesCoordinator.swift */ = {isa = PBXFileReference; lastKnownFileType = sourcecode.swift; path = FavoritesCoordinator.swift; sourceTree = "<group>"; };
		F42706B02D78281600D0DBC2 /* FavoritesViewModel.swift */ = {isa = PBXFileReference; lastKnownFileType = sourcecode.swift; path = FavoritesViewModel.swift; sourceTree = "<group>"; };
		F42706B22D784C8900D0DBC2 /* AnimatableSection.swift */ = {isa = PBXFileReference; lastKnownFileType = sourcecode.swift; path = AnimatableSection.swift; sourceTree = "<group>"; };
		F42706BC2D78650D00D0DBC2 /* FilmSectionModel.swift */ = {isa = PBXFileReference; lastKnownFileType = sourcecode.swift; path = FilmSectionModel.swift; sourceTree = "<group>"; };
/* End PBXFileReference section */

/* Begin PBXFrameworksBuildPhase section */
		CBD760D22D45382700EDC4DF /* Frameworks */ = {
			isa = PBXFrameworksBuildPhase;
			buildActionMask = 2147483647;
			files = (
				CBD760FD2D453B4A00EDC4DF /* RxRelay in Frameworks */,
				F42706B92D78647300D0DBC2 /* Differentiator in Frameworks */,
				CBD760F92D453B4A00EDC4DF /* RxCocoa in Frameworks */,
				F42706BB2D78647300D0DBC2 /* RxDataSources in Frameworks */,
				CBD761082D453C4300EDC4DF /* SnapKit in Frameworks */,
				CBD760F52D453B4A00EDC4DF /* RxBlocking in Frameworks */,
			);
			runOnlyForDeploymentPostprocessing = 0;
		};
/* End PBXFrameworksBuildPhase section */

/* Begin PBXGroup section */
		CB2880872D468D090045BE3B /* App */ = {
			isa = PBXGroup;
			children = (
				CBD761222D45407B00EDC4DF /* AppCoordinator.swift */,
				CBD761282D45407B00EDC4DF /* AppDelegate.swift */,
				CBD761352D45407B00EDC4DF /* SceneDelegate.swift */,
			);
			path = App;
			sourceTree = "<group>";
		};
		CB28808A2D468F5F0045BE3B /* Utils */ = {
			isa = PBXGroup;
			children = (
				CBD7615D2D467EFF00EDC4DF /* Extensions */,
				CBD761602D467F6900EDC4DF /* Helpers */,
				F42706B42D784DA000D0DBC2 /* UITableView */,
			);
			path = Utils;
			sourceTree = "<group>";
		};
		CB28808F2D469C430045BE3B /* Domain */ = {
			isa = PBXGroup;
			children = (
				CB2880952D469C960045BE3B /* Mappers */,
				CB2880902D469C520045BE3B /* DataTransferObjects */,
			);
			path = Domain;
			sourceTree = "<group>";
		};
		CB2880902D469C520045BE3B /* DataTransferObjects */ = {
			isa = PBXGroup;
			children = (
				CBD761242D45407B00EDC4DF /* FilmDTO.swift */,
			);
			path = DataTransferObjects;
			sourceTree = "<group>";
		};
		CB2880952D469C960045BE3B /* Mappers */ = {
			isa = PBXGroup;
			children = (
				CB2880962D469CA20045BE3B /* FilmsMapper.swift */,
			);
			path = Mappers;
			sourceTree = "<group>";
		};
		CBD760CC2D45382700EDC4DF = {
			isa = PBXGroup;
			children = (
				CBD761392D45407B00EDC4DF /* UniverseGroupTestApp */,
				CBD760D62D45382700EDC4DF /* Products */,
				F42706AD2D7826E500D0DBC2 /* Recovered References */,
			);
			sourceTree = "<group>";
		};
		CBD760D62D45382700EDC4DF /* Products */ = {
			isa = PBXGroup;
			children = (
				CBD760D52D45382700EDC4DF /* UniverseGroupTestApp.app */,
			);
			name = Products;
			sourceTree = "<group>";
		};
		CBD761252D45407B00EDC4DF /* Models */ = {
			isa = PBXGroup;
			children = (
				CB2880922D469C790045BE3B /* FilmBO.swift */,
			);
			path = Models;
			sourceTree = "<group>";
		};
		CBD761272D45407B00EDC4DF /* Services */ = {
			isa = PBXGroup;
			children = (
				CBD761262D45407B00EDC4DF /* FilmsService.swift */,
			);
			path = Services;
			sourceTree = "<group>";
		};
		CBD761392D45407B00EDC4DF /* UniverseGroupTestApp */ = {
			isa = PBXGroup;
			children = (
				CB2880872D468D090045BE3B /* App */,
				F427069D2D76F7A800D0DBC2 /* Classes */,
				F427069E2D76F7D700D0DBC2 /* Library */,
				CB28808F2D469C430045BE3B /* Domain */,
				CBD761252D45407B00EDC4DF /* Models */,
				CBD761272D45407B00EDC4DF /* Services */,
				CB28808A2D468F5F0045BE3B /* Utils */,
				CBD761502D45414F00EDC4DF /* Resources */,
			);
			path = UniverseGroupTestApp;
			sourceTree = "<group>";
		};
		CBD761502D45414F00EDC4DF /* Resources */ = {
			isa = PBXGroup;
			children = (
				CBD761572D45426200EDC4DF /* AppColor.swift */,
				CBD761552D45425C00EDC4DF /* AppImage.swift */,
				CBD761312D45407B00EDC4DF /* LaunchScreen.storyboard */,
				CBD7612C2D45407B00EDC4DF /* Info.plist */,
				CBD761292D45407B00EDC4DF /* Assets.xcassets */,
			);
			path = Resources;
			sourceTree = "<group>";
		};
		CBD7615D2D467EFF00EDC4DF /* Extensions */ = {
			isa = PBXGroup;
			children = (
				CBD7615E2D467F0B00EDC4DF /* Date+Extensions.swift */,
			);
			path = Extensions;
			sourceTree = "<group>";
		};
		CBD761602D467F6900EDC4DF /* Helpers */ = {
			isa = PBXGroup;
			children = (
				CBD761612D467F7400EDC4DF /* DateFormates.swift */,
			);
			path = Helpers;
			sourceTree = "<group>";
		};
		F427069D2D76F7A800D0DBC2 /* Classes */ = {
			isa = PBXGroup;
			children = (
				F427069F2D76F81300D0DBC2 /* SplashScreen */,
				F42706A12D76F84F00D0DBC2 /* TabBar */,
				F42706A42D76F86800D0DBC2 /* FilmsList */,
				F42706A02D76F82400D0DBC2 /* FavoritesList */,
			);
			path = Classes;
			sourceTree = "<group>";
		};
		F427069E2D76F7D700D0DBC2 /* Library */ = {
			isa = PBXGroup;
			children = (
				F427069B2D76EC8C00D0DBC2 /* BaseCoordinator.swift */,
			);
			path = Library;
			sourceTree = "<group>";
		};
		F427069F2D76F81300D0DBC2 /* SplashScreen */ = {
			isa = PBXGroup;
			children = (
				F42706972D76E82600D0DBC2 /* SplashCoordinator.swift */,
				CBD761372D45407B00EDC4DF /* SplashViewModel.swift */,
				CBD761362D45407B00EDC4DF /* SplashViewController.swift */,
			);
			path = SplashScreen;
			sourceTree = "<group>";
		};
		F42706A02D76F82400D0DBC2 /* FavoritesList */ = {
			isa = PBXGroup;
			children = (
				F42706A92D7738C700D0DBC2 /* FavoritesCoordinator.swift */,
				F42706B02D78281600D0DBC2 /* FavoritesViewModel.swift */,
				CBD7612A2D45407B00EDC4DF /* FavoritesViewController.swift */,
			);
			path = FavoritesList;
			sourceTree = "<group>";
		};
		F42706A12D76F84F00D0DBC2 /* TabBar */ = {
			isa = PBXGroup;
			children = (
				F42706A52D77122300D0DBC2 /* TabBarCoordinator.swift */,
				CBD761342D45407B00EDC4DF /* TabBarController.swift */,
			);
			path = TabBar;
			sourceTree = "<group>";
		};
		F42706A42D76F86800D0DBC2 /* FilmsList */ = {
			isa = PBXGroup;
			children = (
				F42706A72D7738B700D0DBC2 /* FilmsCoordinator.swift */,
				CBD7612E2D45407B00EDC4DF /* FilmsViewModel.swift */,
				CBD7612D2D45407B00EDC4DF /* FilmsViewController.swift */,
				CBD7612F2D45407B00EDC4DF /* FilmsTableViewCell.swift */,
			);
			path = FilmsList;
			sourceTree = "<group>";
		};
		F42706AD2D7826E500D0DBC2 /* Recovered References */ = {
			isa = PBXGroup;
			children = (
				CBD7612B2D45407B00EDC4DF /* FavoritesViewModel.swift */,
			);
			name = "Recovered References";
			sourceTree = "<group>";
		};
		F42706B42D784DA000D0DBC2 /* UITableView */ = {
			isa = PBXGroup;
			children = (
				F42706BC2D78650D00D0DBC2 /* FilmSectionModel.swift */,
				F42706B22D784C8900D0DBC2 /* AnimatableSection.swift */,
			);
			path = UITableView;
			sourceTree = "<group>";
		};
/* End PBXGroup section */

/* Begin PBXNativeTarget section */
		CBD760D42D45382700EDC4DF /* UniverseGroupTestApp */ = {
			isa = PBXNativeTarget;
			buildConfigurationList = CBD760E82D45382900EDC4DF /* Build configuration list for PBXNativeTarget "UniverseGroupTestApp" */;
			buildPhases = (
				CBD760D12D45382700EDC4DF /* Sources */,
				CBD760D22D45382700EDC4DF /* Frameworks */,
				CBD760D32D45382700EDC4DF /* Resources */,
				CBD761142D453E0B00EDC4DF /* Embed Frameworks */,
			);
			buildRules = (
			);
			dependencies = (
			);
			name = UniverseGroupTestApp;
			packageProductDependencies = (
				CBD760F42D453B4A00EDC4DF /* RxBlocking */,
				CBD760F82D453B4A00EDC4DF /* RxCocoa */,
				CBD760FC2D453B4A00EDC4DF /* RxRelay */,
				CBD761072D453C4300EDC4DF /* SnapKit */,
				F42706B82D78647300D0DBC2 /* Differentiator */,
				F42706BA2D78647300D0DBC2 /* RxDataSources */,
			);
			productName = UniverseGroupTestApp;
			productReference = CBD760D52D45382700EDC4DF /* UniverseGroupTestApp.app */;
			productType = "com.apple.product-type.application";
		};
/* End PBXNativeTarget section */

/* Begin PBXProject section */
		CBD760CD2D45382700EDC4DF /* Project object */ = {
			isa = PBXProject;
			attributes = {
				BuildIndependentTargetsInParallel = 1;
				LastSwiftUpdateCheck = 1610;
				LastUpgradeCheck = 1610;
				TargetAttributes = {
					CBD760D42D45382700EDC4DF = {
						CreatedOnToolsVersion = 16.1;
					};
				};
			};
			buildConfigurationList = CBD760D02D45382700EDC4DF /* Build configuration list for PBXProject "UniverseGroupTestApp" */;
			developmentRegion = en;
			hasScannedForEncodings = 0;
			knownRegions = (
				en,
				Base,
			);
			mainGroup = CBD760CC2D45382700EDC4DF;
			minimizedProjectReferenceProxies = 1;
			packageReferences = (
				CBD760F32D4539B900EDC4DF /* XCRemoteSwiftPackageReference "RxSwift" */,
				CBD761062D453C4300EDC4DF /* XCRemoteSwiftPackageReference "SnapKit" */,
				F42706B72D78647300D0DBC2 /* XCRemoteSwiftPackageReference "RxDataSources" */,
			);
			preferredProjectObjectVersion = 77;
			productRefGroup = CBD760D62D45382700EDC4DF /* Products */;
			projectDirPath = "";
			projectRoot = "";
			targets = (
				CBD760D42D45382700EDC4DF /* UniverseGroupTestApp */,
			);
		};
/* End PBXProject section */

/* Begin PBXResourcesBuildPhase section */
		CBD760D32D45382700EDC4DF /* Resources */ = {
			isa = PBXResourcesBuildPhase;
			buildActionMask = 2147483647;
			files = (
				CBD7613A2D45407B00EDC4DF /* Assets.xcassets in Resources */,
				CBD7613C2D45407B00EDC4DF /* LaunchScreen.storyboard in Resources */,
			);
			runOnlyForDeploymentPostprocessing = 0;
		};
/* End PBXResourcesBuildPhase section */

/* Begin PBXSourcesBuildPhase section */
		CBD760D12D45382700EDC4DF /* Sources */ = {
			isa = PBXSourcesBuildPhase;
			buildActionMask = 2147483647;
			files = (
				CBD7613E2D45407B00EDC4DF /* AppCoordinator.swift in Sources */,
				F42706BD2D78651200D0DBC2 /* FilmSectionModel.swift in Sources */,
				CBD761622D467F7600EDC4DF /* DateFormates.swift in Sources */,
				CBD7613F2D45407B00EDC4DF /* FilmDTO.swift in Sources */,
				CBD761402D45407B00EDC4DF /* FilmsService.swift in Sources */,
				F42706AA2D7738CD00D0DBC2 /* FavoritesCoordinator.swift in Sources */,
				F42706A62D77122400D0DBC2 /* TabBarCoordinator.swift in Sources */,
				CBD761412D45407B00EDC4DF /* AppDelegate.swift in Sources */,
				CBD761422D45407B00EDC4DF /* FavoritesViewController.swift in Sources */,
				F42706B32D784C8A00D0DBC2 /* AnimatableSection.swift in Sources */,
				F42706A82D7738C300D0DBC2 /* FilmsCoordinator.swift in Sources */,
				CBD761442D45407B00EDC4DF /* FilmsViewController.swift in Sources */,
				F42706B12D78281600D0DBC2 /* FavoritesViewModel.swift in Sources */,
				CBD761562D45426000EDC4DF /* AppImage.swift in Sources */,
				CBD761452D45407B00EDC4DF /* FilmsViewModel.swift in Sources */,
				CBD7615F2D467F1000EDC4DF /* Date+Extensions.swift in Sources */,
				CB2880932D469C790045BE3B /* FilmBO.swift in Sources */,
				CBD761462D45407B00EDC4DF /* FilmsTableViewCell.swift in Sources */,
				F427069C2D76EC9500D0DBC2 /* BaseCoordinator.swift in Sources */,
				CBD761472D45407B00EDC4DF /* TabBarController.swift in Sources */,
				CB2880972D469CA20045BE3B /* FilmsMapper.swift in Sources */,
				CBD761582D45426500EDC4DF /* AppColor.swift in Sources */,
				CBD761482D45407B00EDC4DF /* SceneDelegate.swift in Sources */,
				F42706982D76E82700D0DBC2 /* SplashCoordinator.swift in Sources */,
				CBD761492D45407B00EDC4DF /* SplashViewController.swift in Sources */,
				CBD7614A2D45407B00EDC4DF /* SplashViewModel.swift in Sources */,
			);
			runOnlyForDeploymentPostprocessing = 0;
		};
/* End PBXSourcesBuildPhase section */

/* Begin PBXVariantGroup section */
		CBD761312D45407B00EDC4DF /* LaunchScreen.storyboard */ = {
			isa = PBXVariantGroup;
			children = (
				CBD761302D45407B00EDC4DF /* Base */,
			);
			name = LaunchScreen.storyboard;
			sourceTree = "<group>";
		};
/* End PBXVariantGroup section */

/* Begin XCBuildConfiguration section */
		CBD760E92D45382900EDC4DF /* Debug */ = {
			isa = XCBuildConfiguration;
			buildSettings = {
				ASSETCATALOG_COMPILER_APPICON_NAME = AppIcon;
				ASSETCATALOG_COMPILER_GLOBAL_ACCENT_COLOR_NAME = AccentColor;
				CODE_SIGN_STYLE = Automatic;
				CURRENT_PROJECT_VERSION = 1;
				GENERATE_INFOPLIST_FILE = YES;
				INFOPLIST_FILE = UniverseGroupTestApp/Resources/Info.plist;
				INFOPLIST_KEY_UIApplicationSupportsIndirectInputEvents = YES;
				INFOPLIST_KEY_UILaunchStoryboardName = LaunchScreen;
				INFOPLIST_KEY_UISupportedInterfaceOrientations_iPad = "UIInterfaceOrientationPortrait UIInterfaceOrientationPortraitUpsideDown UIInterfaceOrientationLandscapeLeft UIInterfaceOrientationLandscapeRight";
				INFOPLIST_KEY_UISupportedInterfaceOrientations_iPhone = "UIInterfaceOrientationPortrait UIInterfaceOrientationLandscapeLeft UIInterfaceOrientationLandscapeRight";
				IPHONEOS_DEPLOYMENT_TARGET = 16.0;
				LD_RUNPATH_SEARCH_PATHS = (
					"$(inherited)",
					"@executable_path/Frameworks",
				);
				MARKETING_VERSION = 1.0;
				PRODUCT_BUNDLE_IDENTIFIER = com.company.UniverseGroupTestApp.UniverseGroupTestApp;
				PRODUCT_NAME = "$(TARGET_NAME)";
				SWIFT_EMIT_LOC_STRINGS = YES;
				SWIFT_VERSION = 5.0;
				TARGETED_DEVICE_FAMILY = "1,2";
			};
			name = Debug;
		};
		CBD760EA2D45382900EDC4DF /* Release */ = {
			isa = XCBuildConfiguration;
			buildSettings = {
				ASSETCATALOG_COMPILER_APPICON_NAME = AppIcon;
				ASSETCATALOG_COMPILER_GLOBAL_ACCENT_COLOR_NAME = AccentColor;
				CODE_SIGN_STYLE = Automatic;
				CURRENT_PROJECT_VERSION = 1;
				GENERATE_INFOPLIST_FILE = YES;
				INFOPLIST_FILE = UniverseGroupTestApp/Resources/Info.plist;
				INFOPLIST_KEY_UIApplicationSupportsIndirectInputEvents = YES;
				INFOPLIST_KEY_UILaunchStoryboardName = LaunchScreen;
				INFOPLIST_KEY_UISupportedInterfaceOrientations_iPad = "UIInterfaceOrientationPortrait UIInterfaceOrientationPortraitUpsideDown UIInterfaceOrientationLandscapeLeft UIInterfaceOrientationLandscapeRight";
				INFOPLIST_KEY_UISupportedInterfaceOrientations_iPhone = "UIInterfaceOrientationPortrait UIInterfaceOrientationLandscapeLeft UIInterfaceOrientationLandscapeRight";
				IPHONEOS_DEPLOYMENT_TARGET = 16.0;
				LD_RUNPATH_SEARCH_PATHS = (
					"$(inherited)",
					"@executable_path/Frameworks",
				);
				MARKETING_VERSION = 1.0;
				PRODUCT_BUNDLE_IDENTIFIER = com.company.UniverseGroupTestApp.UniverseGroupTestApp;
				PRODUCT_NAME = "$(TARGET_NAME)";
				SWIFT_EMIT_LOC_STRINGS = YES;
				SWIFT_VERSION = 5.0;
				TARGETED_DEVICE_FAMILY = "1,2";
			};
			name = Release;
		};
		CBD760EB2D45382900EDC4DF /* Debug */ = {
			isa = XCBuildConfiguration;
			buildSettings = {
				ALWAYS_SEARCH_USER_PATHS = NO;
				ASSETCATALOG_COMPILER_GENERATE_SWIFT_ASSET_SYMBOL_EXTENSIONS = YES;
				CLANG_ANALYZER_NONNULL = YES;
				CLANG_ANALYZER_NUMBER_OBJECT_CONVERSION = YES_AGGRESSIVE;
				CLANG_CXX_LANGUAGE_STANDARD = "gnu++20";
				CLANG_ENABLE_MODULES = YES;
				CLANG_ENABLE_OBJC_ARC = YES;
				CLANG_ENABLE_OBJC_WEAK = YES;
				CLANG_WARN_BLOCK_CAPTURE_AUTORELEASING = YES;
				CLANG_WARN_BOOL_CONVERSION = YES;
				CLANG_WARN_COMMA = YES;
				CLANG_WARN_CONSTANT_CONVERSION = YES;
				CLANG_WARN_DEPRECATED_OBJC_IMPLEMENTATIONS = YES;
				CLANG_WARN_DIRECT_OBJC_ISA_USAGE = YES_ERROR;
				CLANG_WARN_DOCUMENTATION_COMMENTS = YES;
				CLANG_WARN_EMPTY_BODY = YES;
				CLANG_WARN_ENUM_CONVERSION = YES;
				CLANG_WARN_INFINITE_RECURSION = YES;
				CLANG_WARN_INT_CONVERSION = YES;
				CLANG_WARN_NON_LITERAL_NULL_CONVERSION = YES;
				CLANG_WARN_OBJC_IMPLICIT_RETAIN_SELF = YES;
				CLANG_WARN_OBJC_LITERAL_CONVERSION = YES;
				CLANG_WARN_OBJC_ROOT_CLASS = YES_ERROR;
				CLANG_WARN_QUOTED_INCLUDE_IN_FRAMEWORK_HEADER = YES;
				CLANG_WARN_RANGE_LOOP_ANALYSIS = YES;
				CLANG_WARN_STRICT_PROTOTYPES = YES;
				CLANG_WARN_SUSPICIOUS_MOVE = YES;
				CLANG_WARN_UNGUARDED_AVAILABILITY = YES_AGGRESSIVE;
				CLANG_WARN_UNREACHABLE_CODE = YES;
				CLANG_WARN__DUPLICATE_METHOD_MATCH = YES;
				COPY_PHASE_STRIP = NO;
				DEBUG_INFORMATION_FORMAT = dwarf;
				ENABLE_STRICT_OBJC_MSGSEND = YES;
				ENABLE_TESTABILITY = YES;
				ENABLE_USER_SCRIPT_SANDBOXING = YES;
				GCC_C_LANGUAGE_STANDARD = gnu17;
				GCC_DYNAMIC_NO_PIC = NO;
				GCC_NO_COMMON_BLOCKS = YES;
				GCC_OPTIMIZATION_LEVEL = 0;
				GCC_PREPROCESSOR_DEFINITIONS = (
					"DEBUG=1",
					"$(inherited)",
				);
				GCC_WARN_64_TO_32_BIT_CONVERSION = YES;
				GCC_WARN_ABOUT_RETURN_TYPE = YES_ERROR;
				GCC_WARN_UNDECLARED_SELECTOR = YES;
				GCC_WARN_UNINITIALIZED_AUTOS = YES_AGGRESSIVE;
				GCC_WARN_UNUSED_FUNCTION = YES;
				GCC_WARN_UNUSED_VARIABLE = YES;
				IPHONEOS_DEPLOYMENT_TARGET = 16.6;
				LOCALIZATION_PREFERS_STRING_CATALOGS = YES;
				MTL_ENABLE_DEBUG_INFO = INCLUDE_SOURCE;
				MTL_FAST_MATH = YES;
				ONLY_ACTIVE_ARCH = YES;
				SDKROOT = iphoneos;
				SWIFT_ACTIVE_COMPILATION_CONDITIONS = "DEBUG $(inherited)";
				SWIFT_OPTIMIZATION_LEVEL = "-Onone";
			};
			name = Debug;
		};
		CBD760EC2D45382900EDC4DF /* Release */ = {
			isa = XCBuildConfiguration;
			buildSettings = {
				ALWAYS_SEARCH_USER_PATHS = NO;
				ASSETCATALOG_COMPILER_GENERATE_SWIFT_ASSET_SYMBOL_EXTENSIONS = YES;
				CLANG_ANALYZER_NONNULL = YES;
				CLANG_ANALYZER_NUMBER_OBJECT_CONVERSION = YES_AGGRESSIVE;
				CLANG_CXX_LANGUAGE_STANDARD = "gnu++20";
				CLANG_ENABLE_MODULES = YES;
				CLANG_ENABLE_OBJC_ARC = YES;
				CLANG_ENABLE_OBJC_WEAK = YES;
				CLANG_WARN_BLOCK_CAPTURE_AUTORELEASING = YES;
				CLANG_WARN_BOOL_CONVERSION = YES;
				CLANG_WARN_COMMA = YES;
				CLANG_WARN_CONSTANT_CONVERSION = YES;
				CLANG_WARN_DEPRECATED_OBJC_IMPLEMENTATIONS = YES;
				CLANG_WARN_DIRECT_OBJC_ISA_USAGE = YES_ERROR;
				CLANG_WARN_DOCUMENTATION_COMMENTS = YES;
				CLANG_WARN_EMPTY_BODY = YES;
				CLANG_WARN_ENUM_CONVERSION = YES;
				CLANG_WARN_INFINITE_RECURSION = YES;
				CLANG_WARN_INT_CONVERSION = YES;
				CLANG_WARN_NON_LITERAL_NULL_CONVERSION = YES;
				CLANG_WARN_OBJC_IMPLICIT_RETAIN_SELF = YES;
				CLANG_WARN_OBJC_LITERAL_CONVERSION = YES;
				CLANG_WARN_OBJC_ROOT_CLASS = YES_ERROR;
				CLANG_WARN_QUOTED_INCLUDE_IN_FRAMEWORK_HEADER = YES;
				CLANG_WARN_RANGE_LOOP_ANALYSIS = YES;
				CLANG_WARN_STRICT_PROTOTYPES = YES;
				CLANG_WARN_SUSPICIOUS_MOVE = YES;
				CLANG_WARN_UNGUARDED_AVAILABILITY = YES_AGGRESSIVE;
				CLANG_WARN_UNREACHABLE_CODE = YES;
				CLANG_WARN__DUPLICATE_METHOD_MATCH = YES;
				COPY_PHASE_STRIP = NO;
				DEBUG_INFORMATION_FORMAT = "dwarf-with-dsym";
				ENABLE_NS_ASSERTIONS = NO;
				ENABLE_STRICT_OBJC_MSGSEND = YES;
				ENABLE_USER_SCRIPT_SANDBOXING = YES;
				GCC_C_LANGUAGE_STANDARD = gnu17;
				GCC_NO_COMMON_BLOCKS = YES;
				GCC_WARN_64_TO_32_BIT_CONVERSION = YES;
				GCC_WARN_ABOUT_RETURN_TYPE = YES_ERROR;
				GCC_WARN_UNDECLARED_SELECTOR = YES;
				GCC_WARN_UNINITIALIZED_AUTOS = YES_AGGRESSIVE;
				GCC_WARN_UNUSED_FUNCTION = YES;
				GCC_WARN_UNUSED_VARIABLE = YES;
				IPHONEOS_DEPLOYMENT_TARGET = 16.6;
				LOCALIZATION_PREFERS_STRING_CATALOGS = YES;
				MTL_ENABLE_DEBUG_INFO = NO;
				MTL_FAST_MATH = YES;
				SDKROOT = iphoneos;
				SWIFT_COMPILATION_MODE = wholemodule;
				VALIDATE_PRODUCT = YES;
			};
			name = Release;
		};
/* End XCBuildConfiguration section */

/* Begin XCConfigurationList section */
		CBD760D02D45382700EDC4DF /* Build configuration list for PBXProject "UniverseGroupTestApp" */ = {
			isa = XCConfigurationList;
			buildConfigurations = (
				CBD760EB2D45382900EDC4DF /* Debug */,
				CBD760EC2D45382900EDC4DF /* Release */,
			);
			defaultConfigurationIsVisible = 0;
			defaultConfigurationName = Release;
		};
		CBD760E82D45382900EDC4DF /* Build configuration list for PBXNativeTarget "UniverseGroupTestApp" */ = {
			isa = XCConfigurationList;
			buildConfigurations = (
				CBD760E92D45382900EDC4DF /* Debug */,
				CBD760EA2D45382900EDC4DF /* Release */,
			);
			defaultConfigurationIsVisible = 0;
			defaultConfigurationName = Release;
		};
/* End XCConfigurationList section */

/* Begin XCRemoteSwiftPackageReference section */
		CBD760F32D4539B900EDC4DF /* XCRemoteSwiftPackageReference "RxSwift" */ = {
			isa = XCRemoteSwiftPackageReference;
			repositoryURL = "https://github.com/ReactiveX/RxSwift";
			requirement = {
				kind = upToNextMajorVersion;
				minimumVersion = 6.8.0;
			};
		};
		CBD761062D453C4300EDC4DF /* XCRemoteSwiftPackageReference "SnapKit" */ = {
			isa = XCRemoteSwiftPackageReference;
			repositoryURL = "https://github.com/SnapKit/SnapKit";
			requirement = {
				kind = upToNextMajorVersion;
				minimumVersion = 5.7.1;
			};
		};
		F42706B72D78647300D0DBC2 /* XCRemoteSwiftPackageReference "RxDataSources" */ = {
			isa = XCRemoteSwiftPackageReference;
			repositoryURL = "https://github.com/RxSwiftCommunity/RxDataSources";
			requirement = {
				kind = upToNextMajorVersion;
				minimumVersion = 5.0.2;
			};
		};
/* End XCRemoteSwiftPackageReference section */

/* Begin XCSwiftPackageProductDependency section */
		CBD760F42D453B4A00EDC4DF /* RxBlocking */ = {
			isa = XCSwiftPackageProductDependency;
			package = CBD760F32D4539B900EDC4DF /* XCRemoteSwiftPackageReference "RxSwift" */;
			productName = RxBlocking;
		};
		CBD760F82D453B4A00EDC4DF /* RxCocoa */ = {
			isa = XCSwiftPackageProductDependency;
			package = CBD760F32D4539B900EDC4DF /* XCRemoteSwiftPackageReference "RxSwift" */;
			productName = RxCocoa;
		};
		CBD760FC2D453B4A00EDC4DF /* RxRelay */ = {
			isa = XCSwiftPackageProductDependency;
			package = CBD760F32D4539B900EDC4DF /* XCRemoteSwiftPackageReference "RxSwift" */;
			productName = RxRelay;
		};
		CBD761072D453C4300EDC4DF /* SnapKit */ = {
			isa = XCSwiftPackageProductDependency;
			package = CBD761062D453C4300EDC4DF /* XCRemoteSwiftPackageReference "SnapKit" */;
			productName = SnapKit;
		};
		F42706B82D78647300D0DBC2 /* Differentiator */ = {
			isa = XCSwiftPackageProductDependency;
			package = F42706B72D78647300D0DBC2 /* XCRemoteSwiftPackageReference "RxDataSources" */;
			productName = Differentiator;
		};
		F42706BA2D78647300D0DBC2 /* RxDataSources */ = {
			isa = XCSwiftPackageProductDependency;
			package = F42706B72D78647300D0DBC2 /* XCRemoteSwiftPackageReference "RxDataSources" */;
			productName = RxDataSources;
		};
/* End XCSwiftPackageProductDependency section */
	};
	rootObject = CBD760CD2D45382700EDC4DF /* Project object */;
}
